
Microsoft Visual Studio Solution File, Format Version 12.00
# Visual Studio Version 17
VisualStudioVersion = 17.10.35122.118
MinimumVisualStudioVersion = 10.0.40219.1
Project("{FAE04EC0-301F-11D3-BF4B-00C04F79EFBC}") = "rudoolf_motors", "rudoolf_motors\rudoolf_motors.csproj", "{F1D31F5D-1BD3-4446-A8DF-33F0CEBF7C7C}"
EndProject
Project("{FAE04EC0-301F-11D3-BF4B-00C04F79EFBC}") = "negocio", "negocio\negocio.csproj", "{768219E1-34FB-4660-9C93-F398F5CE8175}"
EndProject
Project("{FAE04EC0-301F-11D3-BF4B-00C04F79EFBC}") = "conexion", "conexion\conexion.csproj", "{996B96DA-275D-4F8C-A5BC-E60910CA40B0}"
EndProject
Global
	GlobalSection(SolutionConfigurationPlatforms) = preSolution
		Debug|Any CPU = Debug|Any CPU
		Release|Any CPU = Release|Any CPU
	EndGlobalSection
	GlobalSection(ProjectConfigurationPlatforms) = postSolution
		{F1D31F5D-1BD3-4446-A8DF-33F0CEBF7C7C}.Debug|Any CPU.ActiveCfg = Debug|Any CPU
		{F1D31F5D-1BD3-4446-A8DF-33F0CEBF7C7C}.Debug|Any CPU.Build.0 = Debug|Any CPU
		{F1D31F5D-1BD3-4446-A8DF-33F0CEBF7C7C}.Release|Any CPU.ActiveCfg = Release|Any CPU
		{F1D31F5D-1BD3-4446-A8DF-33F0CEBF7C7C}.Release|Any CPU.Build.0 = Release|Any CPU
		{768219E1-34FB-4660-9C93-F398F5CE8175}.Debug|Any CPU.ActiveCfg = Debug|Any CPU
		{768219E1-34FB-4660-9C93-F398F5CE8175}.Debug|Any CPU.Build.0 = Debug|Any CPU
		{768219E1-34FB-4660-9C93-F398F5CE8175}.Release|Any CPU.ActiveCfg = Release|Any CPU
		{768219E1-34FB-4660-9C93-F398F5CE8175}.Release|Any CPU.Build.0 = Release|Any CPU
		{996B96DA-275D-4F8C-A5BC-E60910CA40B0}.Debug|Any CPU.ActiveCfg = Debug|Any CPU
		{996B96DA-275D-4F8C-A5BC-E60910CA40B0}.Debug|Any CPU.Build.0 = Debug|Any CPU
		{996B96DA-275D-4F8C-A5BC-E60910CA40B0}.Release|Any CPU.ActiveCfg = Release|Any CPU
		{996B96DA-275D-4F8C-A5BC-E60910CA40B0}.Release|Any CPU.Build.0 = Release|Any CPU
	EndGlobalSection
	GlobalSection(SolutionProperties) = preSolution
		HideSolutionNode = FALSE
	EndGlobalSection
	GlobalSection(ExtensibilityGlobals) = postSolution
		SolutionGuid = {34DCFD07-B50B-4994-9CF2-0CC9B1FE7138}
	EndGlobalSection
EndGlobal
